{
    "requires": true,
    "lockfileVersion": 1,
    "dependencies": {
        "@material/animation": {
            "version": "0.34.0",
            "resolved": "https://registry.npmjs.org/@material/animation/-/animation-0.34.0.tgz",
            "integrity": "sha512-HKWU+pHda+xSIV0lwrTMOb/N005NIAV7+tvEEjTiLrQx74eO6J9nIjfCpZ0W4D8Kb9K90lgHFo0ZRC6yDTjizQ=="
        },
        "@material/auto-init": {
            "version": "0.34.0",
            "resolved": "https://registry.npmjs.org/@material/auto-init/-/auto-init-0.34.0.tgz",
            "integrity": "sha512-3434gdmM3NEbGUD9Viu+zzLFr2IDILfUZXxZtxgezF68zGxblr6FEnyV9aOL6PKc+CimHxixeDKK13e63IC2hw=="
        },
        "@material/base": {
            "version": "0.34.0",
            "resolved": "https://registry.npmjs.org/@material/base/-/base-0.34.0.tgz",
            "integrity": "sha512-HFYy+AHPqPLv2V2aO+tlkhUH/wmt6PCfMzvGPS/ggef/nysu7akC95BG8iaQBCqjpq5sFXDWk7SEdJb/9NHJIQ=="
        },
        "@material/button": {
            "version": "0.34.1",
            "resolved": "https://registry.npmjs.org/@material/button/-/button-0.34.1.tgz",
            "integrity": "sha512-fYuMNviMDPd9r3/+f+2rbahzNnG6D+JXNrlfSn4Yuq61E2QRT9HlSF4+epS6srCQV4cJnaSKweth/gfcF9P23g==",
            "requires": {
                "@material/elevation": "0.34.0",
                "@material/ripple": "0.34.1",
                "@material/rtl": "0.34.0",
                "@material/theme": "0.34.0",
                "@material/typography": "0.34.0"
            }
        },
        "@material/card": {
            "version": "0.34.1",
            "resolved": "https://registry.npmjs.org/@material/card/-/card-0.34.1.tgz",
            "integrity": "sha512-qvqpS57KkdzvCsk6Rncl8McNdNYRXpoVNR3TrwkYMN00Ae0YvycoinT1JtAxfagiErx6QBN6svspx3t0l2mlow==",
            "requires": {
                "@material/elevation": "0.34.0",
                "@material/ripple": "0.34.1",
                "@material/rtl": "0.34.0",
                "@material/theme": "0.34.0"
            }
        },
        "@material/checkbox": {
            "version": "0.34.1",
            "resolved": "https://registry.npmjs.org/@material/checkbox/-/checkbox-0.34.1.tgz",
            "integrity": "sha512-GXON0Ic7BzyDanDytwEf6A/702s6NGEYc0ik1Wbl2+ekA+D+xL5IczR+MXoFyvLp2GWmoFX/nKd4IDO5rF833g==",
            "requires": {
                "@material/animation": "0.34.0",
                "@material/base": "0.34.0",
                "@material/ripple": "0.34.1",
                "@material/rtl": "0.34.0",
                "@material/selection-control": "0.34.1",
                "@material/theme": "0.34.0"
            }
        },
        "@material/chips": {
            "version": "0.34.1",
            "resolved": "https://registry.npmjs.org/@material/chips/-/chips-0.34.1.tgz",
            "integrity": "sha512-QYno6PT0zWbuKOmQ4/UBZea1c5xO/lq0HWzXdMUMXrMYg1vYEhHzrWAOL11aQM0NRZzi6P41/GpTuo0CArY9OQ==",
            "requires": {
                "@material/animation": "0.34.0",
                "@material/base": "0.34.0",
                "@material/checkbox": "0.34.1",
                "@material/ripple": "0.34.1"
            }
        },
        "@material/dialog": {
            "version": "0.34.1",
            "resolved": "https://registry.npmjs.org/@material/dialog/-/dialog-0.34.1.tgz",
            "integrity": "sha512-Nu4bLrXCDHRpmEY+OVlvsnLj4UloekOGuiSYG05eZ4konRcMT5w4kSf3Z/l7LqDvk6Qq+N/Y/gnP9Y1ktCzuOQ==",
            "requires": {
                "@material/animation": "0.34.0",
                "@material/base": "0.34.0",
                "@material/elevation": "0.34.0",
                "@material/ripple": "0.34.1",
                "@material/rtl": "0.34.0",
                "@material/theme": "0.34.0",
                "@material/typography": "0.1.1",
                "focus-trap": "2.4.3"
            },
            "dependencies": {
                "@material/typography": {
                    "version": "0.1.1",
                    "resolved": "https://registry.npmjs.org/@material/typography/-/typography-0.1.1.tgz",
                    "integrity": "sha1-+y40N70yhNOen7kUhXZ63msr0ME="
                }
            }
        },
        "@material/drawer": {
            "version": "0.34.0",
            "resolved": "https://registry.npmjs.org/@material/drawer/-/drawer-0.34.0.tgz",
            "integrity": "sha512-RqbitYUdV+8Io9w+ojekqUzr8C1z+8+GUQtDfbb30ObHr57k0iOtMENwAa+nQaY/JPxgoqmNOy8+p8lhHl2dRw==",
            "requires": {
                "@material/animation": "0.34.0",
                "@material/base": "0.34.0",
                "@material/elevation": "0.34.0",
                "@material/rtl": "0.34.0",
                "@material/theme": "0.34.0",
                "@material/typography": "0.34.0"
            }
        },
        "@material/elevation": {
            "version": "0.34.0",
            "resolved": "https://registry.npmjs.org/@material/elevation/-/elevation-0.34.0.tgz",
            "integrity": "sha512-m+DtLtZ9GFSXzc/oPr13NkwDaPjjNZ48TxeJA8TKKm9Jn2H+TLNCzNoG649+kd3gI386W6EDOtuzrVbr8SUHXw==",
            "requires": {
                "@material/animation": "0.34.0",
                "@material/theme": "0.4.0"
            },
            "dependencies": {
                "@material/theme": {
                    "version": "0.4.0",
                    "resolved": "https://registry.npmjs.org/@material/theme/-/theme-0.4.0.tgz",
                    "integrity": "sha1-Cu8aAnm2XBWZBYT7i47KCVxzRkE="
                }
            }
        },
        "@material/fab": {
            "version": "0.34.1",
            "resolved": "https://registry.npmjs.org/@material/fab/-/fab-0.34.1.tgz",
            "integrity": "sha512-SLkFoXTXxy9xoiwWEZn4JOEcYlIjH1ZqfdaxQZVaqJIMYDYVwK2C01UaXBRnS1IVSXZOybn+xZHcb4mQN6bJag==",
            "requires": {
                "@material/animation": "0.34.0",
                "@material/elevation": "0.34.0",
                "@material/ripple": "0.34.1",
                "@material/theme": "0.34.0"
            }
        },
        "@material/floating-label": {
            "version": "0.34.0",
            "resolved": "https://registry.npmjs.org/@material/floating-label/-/floating-label-0.34.0.tgz",
            "integrity": "sha512-hsv/qhlajxMgAMlyogd41hidcL3oQgurKYQMEi5GG2I3NTwN5dBCgtGtEtKLWIiAQkKDsUiMs1cBZee06S0wIw==",
            "requires": {
                "@material/base": "0.34.0",
                "@material/rtl": "0.34.0",
                "@material/theme": "0.34.0"
            }
        },
        "@material/form-field": {
            "version": "0.34.1",
            "resolved": "https://registry.npmjs.org/@material/form-field/-/form-field-0.34.1.tgz",
            "integrity": "sha512-Oge/8Wt+Krduj1Y28BJ70SnrPKUW6PcaNUC++URvnOuXRdMO8MXcTag8cZ2wHNZYbAyq35lOehvXF/U+rqBNjA==",
            "requires": {
                "@material/base": "0.34.0",
                "@material/rtl": "0.34.0",
                "@material/selection-control": "0.34.1",
                "@material/theme": "0.34.0",
                "@material/typography": "0.34.0"
            }
        },
        "@material/grid-list": {
            "version": "0.34.0",
            "resolved": "https://registry.npmjs.org/@material/grid-list/-/grid-list-0.34.0.tgz",
            "integrity": "sha512-5P7kr8xFABVHsHeUA6de7fabWLNptfqFSSMTl4wWujLIqxfinBdmnDQbFkDfpQxjyXS/r3ahSeljWFWrJRCgJg==",
            "requires": {
                "@material/base": "0.34.0",
                "@material/rtl": "0.34.0",
                "@material/theme": "0.34.0",
                "@material/typography": "0.34.0"
            }
        },
        "@material/icon-toggle": {
            "version": "0.34.1",
            "resolved": "https://registry.npmjs.org/@material/icon-toggle/-/icon-toggle-0.34.1.tgz",
            "integrity": "sha512-1k6VEggEinD6HowEQ3utEZYOCan/PLDsAc8MB+/ySe0gbNZkDUHAoutpO8p6ynWStr44GKIG9S/6H4OPynFpsQ==",
            "requires": {
                "@material/animation": "0.34.0",
                "@material/base": "0.34.0",
                "@material/ripple": "0.34.1",
                "@material/theme": "0.34.0"
            }
        },
        "@material/image-list": {
            "version": "0.34.0",
            "resolved": "https://registry.npmjs.org/@material/image-list/-/image-list-0.34.0.tgz",
            "integrity": "sha512-eAUzsLEwhxzz58ign+amaaHGpSP1UZ5ySb/TwsyHVL6hun1hCLWs4xgsRKdgIGyXz3E+faoBkVu2OBh230e3xg==",
            "requires": {
                "@material/theme": "0.34.0",
                "@material/typography": "0.34.0"
            }
        },
        "@material/layout-grid": {
            "version": "0.34.0",
            "resolved": "https://registry.npmjs.org/@material/layout-grid/-/layout-grid-0.34.0.tgz",
            "integrity": "sha512-LJ3LHCumfGftl1ihO0LW9JKsnR71nnlvpzhHdUlK6o1GPul+EEUUdOFN1zxI+Ik9iS++1na/Dg8f/1sdQUxj6w=="
        },
        "@material/line-ripple": {
            "version": "0.34.0",
            "resolved": "https://registry.npmjs.org/@material/line-ripple/-/line-ripple-0.34.0.tgz",
            "integrity": "sha512-DPmoNKhW12yNMPwmnDvHq8aTjrJ89m71RlbnR/h6SVMN01gmnU44MnCykK+RyVXbRlESb7+PyzDFuL4c85166A==",
            "requires": {
                "@material/animation": "0.34.0",
                "@material/base": "0.34.0",
                "@material/theme": "0.34.0"
            }
        },
        "@material/linear-progress": {
            "version": "0.34.0",
            "resolved": "https://registry.npmjs.org/@material/linear-progress/-/linear-progress-0.34.0.tgz",
            "integrity": "sha512-OzS9a2zfnkur6XwWpj1qMFL156RltPba2a1U/c3aAm/ZeWQnUDzjPhl76YrSe/DCfRUFL5hcZxswBfEuWaG9Qg==",
            "requires": {
                "@material/animation": "0.34.0",
                "@material/base": "0.34.0",
                "@material/theme": "0.34.0"
            }
        },
        "@material/list": {
            "version": "0.34.1",
            "resolved": "https://registry.npmjs.org/@material/list/-/list-0.34.1.tgz",
            "integrity": "sha512-CSOIUcWNg3ot0ULdvAR8NMU71+K+rXZyBr/TH0J47fxDYVrbz6TW19QGb6Cr3PyNyY/DSe5lwVsYRiA//6SEFg==",
            "requires": {
                "@material/ripple": "0.34.1",
                "@material/rtl": "0.34.0",
                "@material/theme": "0.34.0",
                "@material/typography": "0.34.0"
            }
        },
        "@material/menu": {
            "version": "0.34.0",
            "resolved": "https://registry.npmjs.org/@material/menu/-/menu-0.34.0.tgz",
            "integrity": "sha512-dpiljjLjTtL8+C3vajOvIzvB6Pnaj6NBKnvd6kxbFQxO6cccBBM+yNVjKthd9x+IbtAdiBC2XEFRaQrP+Ltybw==",
            "requires": {
                "@material/animation": "0.34.0",
                "@material/base": "0.34.0",
                "@material/elevation": "0.34.0",
                "@material/theme": "0.34.0",
                "@material/typography": "0.34.0"
            }
        },
        "@material/notched-outline": {
            "version": "0.34.0",
            "resolved": "https://registry.npmjs.org/@material/notched-outline/-/notched-outline-0.34.0.tgz",
            "integrity": "sha512-MNqwFHfORIovmuM/y5UcbwZEESYrsvoysulRBUAAKtgHZlZXag95PyqI6VxVjXOJ9VAlDDNNM5ZMHvJH9Y8LoQ==",
            "requires": {
                "@material/animation": "0.34.0",
                "@material/base": "0.34.0",
                "@material/theme": "0.34.0"
            }
        },
        "@material/radio": {
            "version": "0.34.1",
            "resolved": "https://registry.npmjs.org/@material/radio/-/radio-0.34.1.tgz",
            "integrity": "sha512-wMLPvC/HBjjmEh+0Of3Iaz9VKo5rhZNLGKTuZU0g6jrWzKDkXloogor1kh0+CIpmY3+5tGC9c1+0ecTbCsOjeg==",
            "requires": {
                "@material/animation": "0.34.0",
                "@material/base": "0.34.0",
                "@material/ripple": "0.34.1",
                "@material/selection-control": "0.34.1",
                "@material/theme": "0.34.0"
            }
        },
        "@material/ripple": {
            "version": "0.34.1",
            "resolved": "https://registry.npmjs.org/@material/ripple/-/ripple-0.34.1.tgz",
            "integrity": "sha512-lVCbGW/k6pSIyNiB1ur6L+fiU3yWgMFGHBwoEB+9DPj9VJsOgQW10uDfmnIjDZ/xYYVNjL+Y2MiW7DCMamhLdg==",
            "requires": {
                "@material/base": "0.34.0",
                "@material/theme": "0.34.0"
            }
        },
        "@material/rtl": {
            "version": "0.34.0",
            "resolved": "https://registry.npmjs.org/@material/rtl/-/rtl-0.34.0.tgz",
            "integrity": "sha512-e4gxmJT1ll2w8jL0TXxFshdBgFbb+VMgyIC4N6DigcPuG07HpY5dZwaA92Gd1C+uQoLv4PEaqidt6ZMpVeDzKw=="
        },
        "@material/select": {
            "version": "0.34.1",
            "resolved": "https://registry.npmjs.org/@material/select/-/select-0.34.1.tgz",
            "integrity": "sha512-H/n9cXO2YmjOlgvOAPBP1530nEfKZTZEmAIgi2qgS2LttNF19GiRzosFXPaLS5JUFVkVtAVW2KeSawuQzCYcew==",
            "requires": {
                "@material/animation": "0.34.0",
                "@material/base": "0.34.0",
                "@material/ripple": "0.34.1",
                "@material/rtl": "0.34.0",
                "@material/theme": "0.34.0",
                "@material/typography": "0.34.0"
            }
        },
        "@material/selection-control": {
            "version": "0.34.1",
            "resolved": "https://registry.npmjs.org/@material/selection-control/-/selection-control-0.34.1.tgz",
            "integrity": "sha512-Mg0G/BTpyNwVyFTl0Ok5v0MMKn06Hx/LvShuXIp+P1nMUk4wuqeY5FYbjw/nP2VIk/pMccrCULeZKLbziI1xYQ==",
            "requires": {
                "@material/ripple": "0.34.1"
            }
        },
        "@material/slider": {
            "version": "0.34.0",
            "resolved": "https://registry.npmjs.org/@material/slider/-/slider-0.34.0.tgz",
            "integrity": "sha512-yv62H/b3ZYqZCJUToHuU5k8WcMYY2p2vFFeD4pBpGF405ECN4q78W23UqP5YGQb9s7ZxX8Kz16U7h+SYCI+cEw==",
            "requires": {
                "@material/animation": "0.34.0",
                "@material/base": "0.34.0",
                "@material/rtl": "0.34.0",
                "@material/theme": "0.34.0"
            }
        },
        "@material/snackbar": {
            "version": "0.34.0",
            "resolved": "https://registry.npmjs.org/@material/snackbar/-/snackbar-0.34.0.tgz",
            "integrity": "sha512-0w/44aepBr/o7PQckW5dnB8D+c2xKRffiCt79O2R12dM61Gq9yxJV3MGfiW0RnMM3jUkF2DpOGOtuG1nVFkphw==",
            "requires": {
                "@material/animation": "0.34.0",
                "@material/base": "0.34.0",
                "@material/rtl": "0.34.0",
                "@material/theme": "0.34.0",
                "@material/typography": "0.34.0"
            }
        },
        "@material/switch": {
            "version": "0.34.0",
            "resolved": "https://registry.npmjs.org/@material/switch/-/switch-0.34.0.tgz",
            "integrity": "sha512-pdMxsiGIlq0uN5BOUY/ntFwi/ti5NyCCp7qh5yR4zMEWKPAuKXqjI7AW4uqq6J8QZHqWSimOrvdeoQVSOjui0g==",
            "requires": {
                "@material/animation": "0.34.0",
                "@material/elevation": "0.34.0",
                "@material/theme": "0.34.0"
            }
        },
        "@material/tabs": {
            "version": "0.34.1",
            "resolved": "https://registry.npmjs.org/@material/tabs/-/tabs-0.34.1.tgz",
            "integrity": "sha512-JxHjpG9qga5Kzgrn/ik4vsS3muNScWebRa4FLNpCKXaCsMBhHxgdR0nP64cevhdMNoTrRTuyIfmdEdOIS/95NA==",
            "requires": {
                "@material/animation": "0.34.0",
                "@material/base": "0.34.0",
                "@material/ripple": "0.34.1",
                "@material/rtl": "0.34.0",
                "@material/theme": "0.34.0",
                "@material/typography": "0.34.0"
            }
        },
        "@material/textfield": {
            "version": "0.34.1",
            "resolved": "https://registry.npmjs.org/@material/textfield/-/textfield-0.34.1.tgz",
            "integrity": "sha512-Tdi5w9X6sAA1sq0gUhVqPpijMj62iVgwlhv21XCEVjfhiz4UvmiDVdpM4ohnl7zZi2GxWnCJZ8wElQ5miXhT7Q==",
            "requires": {
                "@material/animation": "0.34.0",
                "@material/base": "0.34.0",
                "@material/floating-label": "0.34.0",
                "@material/line-ripple": "0.34.0",
                "@material/notched-outline": "0.34.0",
                "@material/ripple": "0.34.1",
                "@material/rtl": "0.34.0",
                "@material/theme": "0.34.0",
                "@material/typography": "0.34.0"
            }
        },
        "@material/theme": {
            "version": "0.34.0",
            "resolved": "https://registry.npmjs.org/@material/theme/-/theme-0.34.0.tgz",
            "integrity": "sha512-PXFRQ9Q8ycXz9ihb0UAGgnBTVzIq0Qd3jgonHLYMzIL9+8D4BrQqJlM9uyyN5N/7KwesP7ItiumdfZ5f5gfAxw=="
        },
        "@material/toolbar": {
            "version": "0.34.1",
            "resolved": "https://registry.npmjs.org/@material/toolbar/-/toolbar-0.34.1.tgz",
            "integrity": "sha512-y+gTx6bQXLe23CJLcVDtkIH3uqz8zm1Pj9Xj3aJKXbHF9VJxpQqP5YJjDR0jd8Zz7y4gse4S8+0hfQcVE0O3yQ==",
            "requires": {
                "@material/base": "0.34.0",
                "@material/elevation": "0.34.0",
                "@material/ripple": "0.34.1",
                "@material/rtl": "0.34.0",
                "@material/theme": "0.34.0",
                "@material/typography": "0.34.0"
            }
        },
        "@material/top-app-bar": {
            "version": "0.34.1",
            "resolved": "https://registry.npmjs.org/@material/top-app-bar/-/top-app-bar-0.34.1.tgz",
            "integrity": "sha512-fh7gDBB4J8N/tUf9jOg+R4EARr9wST6PcaUQtJKSgwMXfPYB3K9bfDGAd36L9OAUPLFTwhyVhiW01rLKCbJEqg==",
            "requires": {
                "@material/animation": "0.34.0",
                "@material/base": "0.34.0",
                "@material/elevation": "0.34.0",
                "@material/ripple": "0.34.1",
                "@material/rtl": "0.34.0",
                "@material/theme": "0.34.0",
                "@material/typography": "0.34.0"
            }
        },
        "@material/typography": {
            "version": "0.34.0",
            "resolved": "https://registry.npmjs.org/@material/typography/-/typography-0.34.0.tgz",
            "integrity": "sha512-NMFBSdwvUzhRVQQxK6m1dMHB4R1eGKsbkIOiBvsiclUF7bailSXJh8p+ki4YolTOy/jvNTdGlUMqF0W+/ebdtw=="
        },
        "focus-trap": {
            "version": "2.4.3",
            "resolved": "https://registry.npmjs.org/focus-trap/-/focus-trap-2.4.3.tgz",
            "integrity": "sha512-sT5Ip9nyAIxWq8Apt1Fdv6yTci5GotaOtO5Ro1/+F3PizttNBcCYz8j/Qze54PPFK73KUbOqh++HUCiyNPqvhA==",
            "requires": {
                "tabbable": "1.1.2"
            }
        },
        "material-components-web": {
            "version": "0.34.1",
            "resolved": "https://registry.npmjs.org/material-components-web/-/material-components-web-0.34.1.tgz",
            "integrity": "sha512-hCry6DJIfJBlqdBQRlN+HD4EQeNLK+5isnPs38DMEwvHa2WxnMyowCFA01X/oA3KjWPO6fCF6cIvR88y2N+BxQ==",
            "requires": {
                "@material/animation": "0.34.0",
                "@material/auto-init": "0.34.0",
                "@material/base": "0.34.0",
                "@material/button": "0.34.1",
                "@material/card": "0.34.1",
                "@material/checkbox": "0.34.1",
                "@material/chips": "0.34.1",
                "@material/dialog": "0.34.1",
                "@material/drawer": "0.34.0",
                "@material/elevation": "0.34.0",
                "@material/fab": "0.34.1",
                "@material/floating-label": "0.34.0",
                "@material/form-field": "0.34.1",
                "@material/grid-list": "0.34.0",
                "@material/icon-toggle": "0.34.1",
                "@material/image-list": "0.34.0",
                "@material/layout-grid": "0.34.0",
                "@material/line-ripple": "0.34.0",
                "@material/linear-progress": "0.34.0",
                "@material/list": "0.34.1",
                "@material/menu": "0.34.0",
                "@material/notched-outline": "0.34.0",
                "@material/radio": "0.34.1",
                "@material/ripple": "0.34.1",
                "@material/rtl": "0.34.0",
                "@material/select": "0.34.1",
                "@material/selection-control": "0.34.1",
                "@material/slider": "0.34.0",
                "@material/snackbar": "0.34.0",
                "@material/switch": "0.34.0",
                "@material/tabs": "0.34.1",
                "@material/textfield": "0.34.1",
                "@material/theme": "0.34.0",
                "@material/toolbar": "0.34.1",
                "@material/top-app-bar": "0.34.1",
                "@material/typography": "0.34.0"
            }
        },
        "tabbable": {
            "version": "1.1.2",
            "resolved": "https://registry.npmjs.org/tabbable/-/tabbable-1.1.2.tgz",
            "integrity": "sha512-77oqsKEPrxIwgRcXUwipkj9W5ItO97L6eUT1Ar7vh+El16Zm4M6V+YU1cbipHEa6q0Yjw8O3Hoh8oRgatV5s7A=="
        }
    }
}
